<?xml version="1.0" encoding="utf-8"?>
<Project ToolsVersion="4.0" xmlns="http://schemas.microsoft.com/developer/msbuild/2003">
  <ItemGroup>
    <Filter Include="헤더 파일">
      <UniqueIdentifier>{93995380-89BD-4b04-88EB-625FBE52EBFB}</UniqueIdentifier>
      <Extensions>h;hh;hpp;hxx;hm;inl;inc;xsd</Extensions>
    </Filter>
    <Filter Include="Core">
      <UniqueIdentifier>{4FC737F1-C7A5-4376-A066-2A32D752A2FF}</UniqueIdentifier>
      <Extensions>cpp;c;cc;cxx;def;odl;idl;hpj;bat;asm;asmx</Extensions>
    </Filter>
    <Filter Include="Core\App">
      <UniqueIdentifier>{b196ea16-0c6d-4959-adbc-09df58fa11c4}</UniqueIdentifier>
    </Filter>
    <Filter Include="Core\D2DRenderer">
      <UniqueIdentifier>{6fe14dcc-9ef1-434e-86e9-684b2c04dc42}</UniqueIdentifier>
    </Filter>
    <Filter Include="Core\Resource">
      <UniqueIdentifier>{6a4ac38f-3503-498a-ad28-3815c8873344}</UniqueIdentifier>
    </Filter>
    <Filter Include="Core\Object">
      <UniqueIdentifier>{230fc695-4e04-47a9-872e-b4bbd6af2d56}</UniqueIdentifier>
    </Filter>
    <Filter Include="BattleShip">
      <UniqueIdentifier>{67DA6AB6-F800-4c08-8B7A-83BB121AAD01}</UniqueIdentifier>
      <Extensions>rc;ico;cur;bmp;dlg;rc2;rct;bin;rgs;gif;jpg;jpeg;jpe;resx;tiff;tif;png;wav;mfcribbon-ms</Extensions>
    </Filter>
    <Filter Include="BattleShip\GameObject">
      <UniqueIdentifier>{0628480f-7400-4d7b-9f88-3a89ac0053df}</UniqueIdentifier>
    </Filter>
    <Filter Include="BattleShip\SceneObject">
      <UniqueIdentifier>{078d985c-2669-4a4c-8308-96422a2ed797}</UniqueIdentifier>
    </Filter>
    <Filter Include="BattleShip\SceneObject\Sprites">
      <UniqueIdentifier>{f4996b37-7637-45df-aba5-4ea19942364f}</UniqueIdentifier>
    </Filter>
    <Filter Include="BattleShip\SceneObject\Objects">
      <UniqueIdentifier>{64dfa49e-58d7-47c4-ac83-65a7c45dd22f}</UniqueIdentifier>
    </Filter>
    <Filter Include="BattleShip\GameObject\Ship">
      <UniqueIdentifier>{60818c0c-1b71-4b91-9ccf-ecdb9fdfb3ef}</UniqueIdentifier>
    </Filter>
  </ItemGroup>
  <ItemGroup>
    <ClInclude Include="BattleShipApp.h">
      <Filter>Core\App</Filter>
    </ClInclude>
    <ClInclude Include="Include.h">
      <Filter>Core</Filter>
    </ClInclude>
    <ClInclude Include="D2DRenderer.h">
      <Filter>Core\D2DRenderer</Filter>
    </ClInclude>
    <ClInclude Include="Bitmap.h">
      <Filter>Core\Resource</Filter>
    </ClInclude>
    <ClInclude Include="D2DSprite.h">
      <Filter>Core\Object</Filter>
    </ClInclude>
    <ClInclude Include="GameManager.h">
      <Filter>BattleShip</Filter>
    </ClInclude>
    <ClInclude Include="D2DScene.h">
      <Filter>Core\Object</Filter>
    </ClInclude>
    <ClInclude Include="D2DObject.h">
      <Filter>Core\Object</Filter>
    </ClInclude>
    <ClInclude Include="Enum.h">
      <Filter>Core</Filter>
    </ClInclude>
    <ClInclude Include="AirCraft.h">
      <Filter>BattleShip\GameObject\Ship</Filter>
    </ClInclude>
    <ClInclude Include="BattleShip.h">
      <Filter>BattleShip\GameObject\Ship</Filter>
    </ClInclude>
    <ClInclude Include="Player.h">
      <Filter>BattleShip\GameObject</Filter>
    </ClInclude>
    <ClInclude Include="Board.h">
      <Filter>BattleShip\GameObject</Filter>
    </ClInclude>
    <ClInclude Include="Cruiser.h">
      <Filter>BattleShip\GameObject\Ship</Filter>
    </ClInclude>
    <ClInclude Include="Destroyer.h">
      <Filter>BattleShip\GameObject\Ship</Filter>
    </ClInclude>
    <ClInclude Include="Ship.h">
      <Filter>BattleShip\GameObject</Filter>
    </ClInclude>
    <ClInclude Include="GameScene.h">
      <Filter>BattleShip\SceneObject</Filter>
    </ClInclude>
    <ClInclude Include="UIShipObject.h">
      <Filter>BattleShip\SceneObject\Sprites</Filter>
    </ClInclude>
    <ClInclude Include="BattleField.h">
      <Filter>BattleShip\SceneObject\Objects</Filter>
    </ClInclude>
    <ClInclude Include="UI.h">
      <Filter>BattleShip\SceneObject\Objects</Filter>
    </ClInclude>
    <ClInclude Include="EnemyUI.h">
      <Filter>BattleShip\SceneObject\Objects</Filter>
    </ClInclude>
    <ClInclude Include="InteractiveObject.h">
      <Filter>BattleShip\SceneObject\Objects</Filter>
    </ClInclude>
    <ClInclude Include="ActiveShipSprite.h">
      <Filter>BattleShip\SceneObject\Sprites</Filter>
    </ClInclude>
  </ItemGroup>
  <ItemGroup>
    <ClCompile Include="BattleShipApp.cpp">
      <Filter>Core\App</Filter>
    </ClCompile>
    <ClCompile Include="D2DRenderer.cpp">
      <Filter>Core\D2DRenderer</Filter>
    </ClCompile>
    <ClCompile Include="Bitmap.cpp">
      <Filter>Core\Resource</Filter>
    </ClCompile>
    <ClCompile Include="main.cpp">
      <Filter>Core</Filter>
    </ClCompile>
    <ClCompile Include="D2DSprite.cpp">
      <Filter>Core\Object</Filter>
    </ClCompile>
    <ClCompile Include="GameManager.cpp">
      <Filter>BattleShip</Filter>
    </ClCompile>
    <ClCompile Include="D2DScene.cpp">
      <Filter>Core\Object</Filter>
    </ClCompile>
    <ClCompile Include="D2DObject.cpp">
      <Filter>Core\Object</Filter>
    </ClCompile>
    <ClCompile Include="AirCraft.cpp">
      <Filter>BattleShip\GameObject\Ship</Filter>
    </ClCompile>
    <ClCompile Include="BattleShip.cpp">
      <Filter>BattleShip\GameObject\Ship</Filter>
    </ClCompile>
    <ClCompile Include="Player.cpp">
      <Filter>BattleShip\GameObject</Filter>
    </ClCompile>
    <ClCompile Include="Board.cpp">
      <Filter>BattleShip\GameObject</Filter>
    </ClCompile>
    <ClCompile Include="Destroyer.cpp">
      <Filter>BattleShip\GameObject\Ship</Filter>
    </ClCompile>
    <ClCompile Include="Cruiser.cpp">
      <Filter>BattleShip\GameObject\Ship</Filter>
    </ClCompile>
    <ClCompile Include="Ship.cpp">
      <Filter>BattleShip\GameObject</Filter>
    </ClCompile>
    <ClCompile Include="GameScene.cpp">
      <Filter>BattleShip\SceneObject</Filter>
    </ClCompile>
    <ClCompile Include="UIShipObject.cpp">
      <Filter>BattleShip\SceneObject\Sprites</Filter>
    </ClCompile>
    <ClCompile Include="BattleField.cpp">
      <Filter>BattleShip\SceneObject\Objects</Filter>
    </ClCompile>
    <ClCompile Include="UI.cpp">
      <Filter>BattleShip\SceneObject\Objects</Filter>
    </ClCompile>
    <ClCompile Include="EnemyUI.cpp">
      <Filter>BattleShip\SceneObject\Objects</Filter>
    </ClCompile>
    <ClCompile Include="InteractiveObject.cpp">
      <Filter>BattleShip\SceneObject\Objects</Filter>
    </ClCompile>
    <ClCompile Include="ActiveShipSprite.cpp">
      <Filter>BattleShip\SceneObject\Sprites</Filter>
    </ClCompile>
  </ItemGroup>
</Project>